
Microsoft Visual Studio Solution File, Format Version 12.00
# Visual Studio 15
VisualStudioVersion = 15.0.27130.2010
MinimumVisualStudioVersion = 10.0.40219.1
Project("{8BC9CEB8-8B4A-11D0-8D11-00A0C91BC942}") = "LibDirectX12", "LibDirectX12\LibDirectX12.vcxproj", "{26B77D2B-F74D-40FE-88A8-184DACC2E4AD}"
EndProject
Project("{8BC9CEB8-8B4A-11D0-8D11-00A0C91BC942}") = "TestTriangle", "TestTriangle\TestTriangle.vcxproj", "{53462409-2225-43EB-9DA9-97D8698A002F}"
	ProjectSection(ProjectDependencies) = postProject
		{26B77D2B-F74D-40FE-88A8-184DACC2E4AD} = {26B77D2B-F74D-40FE-88A8-184DACC2E4AD}
	EndProjectSection
EndProject
Global
	GlobalSection(SolutionConfigurationPlatforms) = preSolution
		Debug|x64 = Debug|x64
		Debug|x86 = Debug|x86
		Release|x64 = Release|x64
		Release|x86 = Release|x86
	EndGlobalSection
	GlobalSection(ProjectConfigurationPlatforms) = postSolution
		{26B77D2B-F74D-40FE-88A8-184DACC2E4AD}.Debug|x64.ActiveCfg = Debug|x64
		{26B77D2B-F74D-40FE-88A8-184DACC2E4AD}.Debug|x64.Build.0 = Debug|x64
		{26B77D2B-F74D-40FE-88A8-184DACC2E4AD}.Debug|x86.ActiveCfg = Debug|Win32
		{26B77D2B-F74D-40FE-88A8-184DACC2E4AD}.Debug|x86.Build.0 = Debug|Win32
		{26B77D2B-F74D-40FE-88A8-184DACC2E4AD}.Release|x64.ActiveCfg = Release|x64
		{26B77D2B-F74D-40FE-88A8-184DACC2E4AD}.Release|x64.Build.0 = Release|x64
		{26B77D2B-F74D-40FE-88A8-184DACC2E4AD}.Release|x86.ActiveCfg = Release|Win32
		{26B77D2B-F74D-40FE-88A8-184DACC2E4AD}.Release|x86.Build.0 = Release|Win32
		{53462409-2225-43EB-9DA9-97D8698A002F}.Debug|x64.ActiveCfg = Debug|x64
		{53462409-2225-43EB-9DA9-97D8698A002F}.Debug|x64.Build.0 = Debug|x64
		{53462409-2225-43EB-9DA9-97D8698A002F}.Debug|x86.ActiveCfg = Debug|Win32
		{53462409-2225-43EB-9DA9-97D8698A002F}.Debug|x86.Build.0 = Debug|Win32
		{53462409-2225-43EB-9DA9-97D8698A002F}.Release|x64.ActiveCfg = Release|x64
		{53462409-2225-43EB-9DA9-97D8698A002F}.Release|x64.Build.0 = Release|x64
		{53462409-2225-43EB-9DA9-97D8698A002F}.Release|x86.ActiveCfg = Release|Win32
		{53462409-2225-43EB-9DA9-97D8698A002F}.Release|x86.Build.0 = Release|Win32
	EndGlobalSection
	GlobalSection(SolutionProperties) = preSolution
		HideSolutionNode = FALSE
	EndGlobalSection
	GlobalSection(ExtensibilityGlobals) = postSolution
		SolutionGuid = {B89CAB18-4B64-4F72-AD48-EF5A778558EC}
	EndGlobalSection
EndGlobal
